// !$*UTF8*$!
{
	archiveVersion = 1;
	classes = {
	};
	objectVersion = 56;
	objects = {

/* Begin PBXBuildFile section */
		6182E915292D1A410061E84F /* AppDelegate.swift in Sources */ = {isa = PBXBuildFile; fileRef = 6182E914292D1A410061E84F /* AppDelegate.swift */; };
		6182E917292D1A410061E84F /* SceneDelegate.swift in Sources */ = {isa = PBXBuildFile; fileRef = 6182E916292D1A410061E84F /* SceneDelegate.swift */; };
		6182E919292D1A410061E84F /* ViewController.swift in Sources */ = {isa = PBXBuildFile; fileRef = 6182E918292D1A410061E84F /* ViewController.swift */; };
		6182E91C292D1A410061E84F /* Main.storyboard in Resources */ = {isa = PBXBuildFile; fileRef = 6182E91A292D1A410061E84F /* Main.storyboard */; };
		6182E91F292D1A410061E84F /* Research_Papers.xcdatamodeld in Sources */ = {isa = PBXBuildFile; fileRef = 6182E91D292D1A410061E84F /* Research_Papers.xcdatamodeld */; };
		6182E921292D1A420061E84F /* Assets.xcassets in Resources */ = {isa = PBXBuildFile; fileRef = 6182E920292D1A420061E84F /* Assets.xcassets */; };
		6182E924292D1A420061E84F /* LaunchScreen.storyboard in Resources */ = {isa = PBXBuildFile; fileRef = 6182E922292D1A420061E84F /* LaunchScreen.storyboard */; };
		6182E92C292D1BB70061E84F /* ResearchPapersTVC.swift in Sources */ = {isa = PBXBuildFile; fileRef = 6182E92B292D1BB70061E84F /* ResearchPapersTVC.swift */; };
		6182E92E292D1D0E0061E84F /* dataModel.swift in Sources */ = {isa = PBXBuildFile; fileRef = 6182E92D292D1D0E0061E84F /* dataModel.swift */; };
/* End PBXBuildFile section */

/* Begin PBXFileReference section */
		6182E911292D1A410061E84F /* Research Papers.app */ = {isa = PBXFileReference; explicitFileType = wrapper.application; includeInIndex = 0; path = "Research Papers.app"; sourceTree = BUILT_PRODUCTS_DIR; };
		6182E914292D1A410061E84F /* AppDelegate.swift */ = {isa = PBXFileReference; lastKnownFileType = sourcecode.swift; path = AppDelegate.swift; sourceTree = "<group>"; };
		6182E916292D1A410061E84F /* SceneDelegate.swift */ = {isa = PBXFileReference; lastKnownFileType = sourcecode.swift; path = SceneDelegate.swift; sourceTree = "<group>"; };
		6182E918292D1A410061E84F /* ViewController.swift */ = {isa = PBXFileReference; lastKnownFileType = sourcecode.swift; path = ViewController.swift; sourceTree = "<group>"; };
		6182E91B292D1A410061E84F /* Base */ = {isa = PBXFileReference; lastKnownFileType = file.storyboard; name = Base; path = Base.lproj/Main.storyboard; sourceTree = "<group>"; };
		6182E91E292D1A410061E84F /* Research_Papers.xcdatamodel */ = {isa = PBXFileReference; lastKnownFileType = wrapper.xcdatamodel; path = Research_Papers.xcdatamodel; sourceTree = "<group>"; };
		6182E920292D1A420061E84F /* Assets.xcassets */ = {isa = PBXFileReference; lastKnownFileType = folder.assetcatalog; path = Assets.xcassets; sourceTree = "<group>"; };
		6182E923292D1A420061E84F /* Base */ = {isa = PBXFileReference; lastKnownFileType = file.storyboard; name = Base; path = Base.lproj/LaunchScreen.storyboard; sourceTree = "<group>"; };
		6182E925292D1A420061E84F /* Info.plist */ = {isa = PBXFileReference; lastKnownFileType = text.plist.xml; path = Info.plist; sourceTree = "<group>"; };
		6182E92B292D1BB70061E84F /* ResearchPapersTVC.swift */ = {isa = PBXFileReference; lastKnownFileType = sourcecode.swift; path = ResearchPapersTVC.swift; sourceTree = "<group>"; };
		6182E92D292D1D0E0061E84F /* dataModel.swift */ = {isa = PBXFileReference; lastKnownFileType = sourcecode.swift; path = dataModel.swift; sourceTree = "<group>"; };
/* End PBXFileReference section */

/* Begin PBXFrameworksBuildPhase section */
		6182E90E292D1A410061E84F /* Frameworks */ = {
			isa = PBXFrameworksBuildPhase;
			buildActionMask = 2147483647;
			files = (
			);
			runOnlyForDeploymentPostprocessing = 0;
		};
/* End PBXFrameworksBuildPhase section */

/* Begin PBXGroup section */
		6182E908292D1A410061E84F = {
			isa = PBXGroup;
			children = (
				6182E913292D1A410061E84F /* Research Papers */,
				6182E912292D1A410061E84F /* Products */,
			);
			sourceTree = "<group>";
		};
		6182E912292D1A410061E84F /* Products */ = {
			isa = PBXGroup;
			children = (
				6182E911292D1A410061E84F /* Research Papers.app */,
			);
			name = Products;
			sourceTree = "<group>";
		};
		6182E913292D1A410061E84F /* Research Papers */ = {
			isa = PBXGroup;
			children = (
				6182E914292D1A410061E84F /* AppDelegate.swift */,
				6182E916292D1A410061E84F /* SceneDelegate.swift */,
				6182E918292D1A410061E84F /* ViewController.swift */,
				6182E91A292D1A410061E84F /* Main.storyboard */,
				6182E92B292D1BB70061E84F /* ResearchPapersTVC.swift */,
				6182E92D292D1D0E0061E84F /* dataModel.swift */,
				6182E920292D1A420061E84F /* Assets.xcassets */,
				6182E922292D1A420061E84F /* LaunchScreen.storyboard */,
				6182E925292D1A420061E84F /* Info.plist */,
				6182E91D292D1A410061E84F /* Research_Papers.xcdatamodeld */,
			);
			path = "Research Papers";
			sourceTree = "<group>";
		};
/* End PBXGroup section */

/* Begin PBXNativeTarget section */
		6182E910292D1A410061E84F /* Research Papers */ = {
			isa = PBXNativeTarget;
			buildConfigurationList = 6182E928292D1A420061E84F /* Build configuration list for PBXNativeTarget "Research Papers" */;
			buildPhases = (
				6182E90D292D1A410061E84F /* Sources */,
				6182E90E292D1A410061E84F /* Frameworks */,
				6182E90F292D1A410061E84F /* Resources */,
			);
			buildRules = (
			);
			dependencies = (
			);
			name = "Research Papers";
			productName = "Research Papers";
			productReference = 6182E911292D1A410061E84F /* Research Papers.app */;
			productType = "com.apple.product-type.application";
		};
/* End PBXNativeTarget section */

/* Begin PBXProject section */
		6182E909292D1A410061E84F /* Project object */ = {
			isa = PBXProject;
			attributes = {
				BuildIndependentTargetsInParallel = 1;
				LastSwiftUpdateCheck = 1410;
				LastUpgradeCheck = 1410;
				TargetAttributes = {
					6182E910292D1A410061E84F = {
						CreatedOnToolsVersion = 14.1;
					};
				};
			};
			buildConfigurationList = 6182E90C292D1A410061E84F /* Build configuration list for PBXProject "Research Papers" */;
			compatibilityVersion = "Xcode 14.0";
			developmentRegion = en;
			hasScannedForEncodings = 0;
			knownRegions = (
				en,
				Base,
			);
			mainGroup = 6182E908292D1A410061E84F;
			productRefGroup = 6182E912292D1A410061E84F /* Products */;
			projectDirPath = "";
			projectRoot = "";
			targets = (
				6182E910292D1A410061E84F /* Research Papers */,
			);
		};
/* End PBXProject section */

/* Begin PBXResourcesBuildPhase section */
		6182E90F292D1A410061E84F /* Resources */ = {
			isa = PBXResourcesBuildPhase;
			buildActionMask = 2147483647;
			files = (
				6182E924292D1A420061E84F /* LaunchScreen.storyboard in Resources */,
				6182E921292D1A420061E84F /* Assets.xcassets in Resources */,
				6182E91C292D1A410061E84F /* Main.storyboard in Resources */,
			);
			runOnlyForDeploymentPostprocessing = 0;
		};
/* End PBXResourcesBuildPhase section */

/* Begin PBXSourcesBuildPhase section */
		6182E90D292D1A410061E84F /* Sources */ = {
			isa = PBXSourcesBuildPhase;
			buildActionMask = 2147483647;
			files = (
				6182E919292D1A410061E84F /* ViewController.swift in Sources */,
				6182E92C292D1BB70061E84F /* ResearchPapersTVC.swift in Sources */,
				6182E915292D1A410061E84F /* AppDelegate.swift in Sources */,
				6182E917292D1A410061E84F /* SceneDelegate.swift in Sources */,
				6182E91F292D1A410061E84F /* Research_Papers.xcdatamodeld in Sources */,
				6182E92E292D1D0E0061E84F /* dataModel.swift in Sources */,
			);
			runOnlyForDeploymentPostprocessing = 0;
		};
/* End PBXSourcesBuildPhase section */

/* Begin PBXVariantGroup section */
		6182E91A292D1A410061E84F /* Main.storyboard */ = {
			isa = PBXVariantGroup;
			children = (
				6182E91B292D1A410061E84F /* Base */,
			);
			name = Main.storyboard;
			sourceTree = "<group>";
		};
		6182E922292D1A420061E84F /* LaunchScreen.storyboard */ = {
			isa = PBXVariantGroup;
			children = (
				6182E923292D1A420061E84F /* Base */,
			);
			name = LaunchScreen.storyboard;
			sourceTree = "<group>";
		};
/* End PBXVariantGroup section */

/* Begin XCBuildConfiguration section */
		6182E926292D1A420061E84F /* Debug */ = {
			isa = XCBuildConfiguration;
			buildSettings = {
				ALWAYS_SEARCH_USER_PATHS = NO;
				CLANG_ANALYZER_NONNULL = YES;
				CLANG_ANALYZER_NUMBER_OBJECT_CONVERSION = YES_AGGRESSIVE;
				CLANG_CXX_LANGUAGE_STANDARD = "gnu++20";
				CLANG_ENABLE_MODULES = YES;
				CLANG_ENABLE_OBJC_ARC = YES;
				CLANG_ENABLE_OBJC_WEAK = YES;
				CLANG_WARN_BLOCK_CAPTURE_AUTORELEASING = YES;
				CLANG_WARN_BOOL_CONVERSION = YES;
				CLANG_WARN_COMMA = YES;
				CLANG_WARN_CONSTANT_CONVERSION = YES;
				CLANG_WARN_DEPRECATED_OBJC_IMPLEMENTATIONS = YES;
				CLANG_WARN_DIRECT_OBJC_ISA_USAGE = YES_ERROR;
				CLANG_WARN_DOCUMENTATION_COMMENTS = YES;
				CLANG_WARN_EMPTY_BODY = YES;
				CLANG_WARN_ENUM_CONVERSION = YES;
				CLANG_WARN_INFINITE_RECURSION = YES;
				CLANG_WARN_INT_CONVERSION = YES;
				CLANG_WARN_NON_LITERAL_NULL_CONVERSION = YES;
				CLANG_WARN_OBJC_IMPLICIT_RETAIN_SELF = YES;
				CLANG_WARN_OBJC_LITERAL_CONVERSION = YES;
				CLANG_WARN_OBJC_ROOT_CLASS = YES_ERROR;
				CLANG_WARN_QUOTED_INCLUDE_IN_FRAMEWORK_HEADER = YES;
				CLANG_WARN_RANGE_LOOP_ANALYSIS = YES;
				CLANG_WARN_STRICT_PROTOTYPES = YES;
				CLANG_WARN_SUSPICIOUS_MOVE = YES;
				CLANG_WARN_UNGUARDED_AVAILABILITY = YES_AGGRESSIVE;
				CLANG_WARN_UNREACHABLE_CODE = YES;
				CLANG_WARN__DUPLICATE_METHOD_MATCH = YES;
				COPY_PHASE_STRIP = NO;
				DEBUG_INFORMATION_FORMAT = dwarf;
				ENABLE_STRICT_OBJC_MSGSEND = YES;
				ENABLE_TESTABILITY = YES;
				GCC_C_LANGUAGE_STANDARD = gnu11;
				GCC_DYNAMIC_NO_PIC = NO;
				GCC_NO_COMMON_BLOCKS = YES;
				GCC_OPTIMIZATION_LEVEL = 0;
				GCC_PREPROCESSOR_DEFINITIONS = (
					"DEBUG=1",
					"$(inherited)",
				);
				GCC_WARN_64_TO_32_BIT_CONVERSION = YES;
				GCC_WARN_ABOUT_RETURN_TYPE = YES_ERROR;
				GCC_WARN_UNDECLARED_SELECTOR = YES;
				GCC_WARN_UNINITIALIZED_AUTOS = YES_AGGRESSIVE;
				GCC_WARN_UNUSED_FUNCTION = YES;
				GCC_WARN_UNUSED_VARIABLE = YES;
				IPHONEOS_DEPLOYMENT_TARGET = 16.1;
				MTL_ENABLE_DEBUG_INFO = INCLUDE_SOURCE;
				MTL_FAST_MATH = YES;
				ONLY_ACTIVE_ARCH = YES;
				SDKROOT = iphoneos;
				SWIFT_ACTIVE_COMPILATION_CONDITIONS = DEBUG;
				SWIFT_OPTIMIZATION_LEVEL = "-Onone";
			};
			name = Debug;
		};
		6182E927292D1A420061E84F /* Release */ = {
			isa = XCBuildConfiguration;
			buildSettings = {
				ALWAYS_SEARCH_USER_PATHS = NO;
				CLANG_ANALYZER_NONNULL = YES;
				CLANG_ANALYZER_NUMBER_OBJECT_CONVERSION = YES_AGGRESSIVE;
				CLANG_CXX_LANGUAGE_STANDARD = "gnu++20";
				CLANG_ENABLE_MODULES = YES;
				CLANG_ENABLE_OBJC_ARC = YES;
				CLANG_ENABLE_OBJC_WEAK = YES;
				CLANG_WARN_BLOCK_CAPTURE_AUTORELEASING = YES;
				CLANG_WARN_BOOL_CONVERSION = YES;
				CLANG_WARN_COMMA = YES;
				CLANG_WARN_CONSTANT_CONVERSION = YES;
				CLANG_WARN_DEPRECATED_OBJC_IMPLEMENTATIONS = YES;
				CLANG_WARN_DIRECT_OBJC_ISA_USAGE = YES_ERROR;
				CLANG_WARN_DOCUMENTATION_COMMENTS = YES;
				CLANG_WARN_EMPTY_BODY = YES;
				CLANG_WARN_ENUM_CONVERSION = YES;
				CLANG_WARN_INFINITE_RECURSION = YES;
				CLANG_WARN_INT_CONVERSION = YES;
				CLANG_WARN_NON_LITERAL_NULL_CONVERSION = YES;
				CLANG_WARN_OBJC_IMPLICIT_RETAIN_SELF = YES;
				CLANG_WARN_OBJC_LITERAL_CONVERSION = YES;
				CLANG_WARN_OBJC_ROOT_CLASS = YES_ERROR;
				CLANG_WARN_QUOTED_INCLUDE_IN_FRAMEWORK_HEADER = YES;
				CLANG_WARN_RANGE_LOOP_ANALYSIS = YES;
				CLANG_WARN_STRICT_PROTOTYPES = YES;
				CLANG_WARN_SUSPICIOUS_MOVE = YES;
				CLANG_WARN_UNGUARDED_AVAILABILITY = YES_AGGRESSIVE;
				CLANG_WARN_UNREACHABLE_CODE = YES;
				CLANG_WARN__DUPLICATE_METHOD_MATCH = YES;
				COPY_PHASE_STRIP = NO;
				DEBUG_INFORMATION_FORMAT = "dwarf-with-dsym";
				ENABLE_NS_ASSERTIONS = NO;
				ENABLE_STRICT_OBJC_MSGSEND = YES;
				GCC_C_LANGUAGE_STANDARD = gnu11;
				GCC_NO_COMMON_BLOCKS = YES;
				GCC_WARN_64_TO_32_BIT_CONVERSION = YES;
				GCC_WARN_ABOUT_RETURN_TYPE = YES_ERROR;
				GCC_WARN_UNDECLARED_SELECTOR = YES;
				GCC_WARN_UNINITIALIZED_AUTOS = YES_AGGRESSIVE;
				GCC_WARN_UNUSED_FUNCTION = YES;
				GCC_WARN_UNUSED_VARIABLE = YES;
				IPHONEOS_DEPLOYMENT_TARGET = 16.1;
				MTL_ENABLE_DEBUG_INFO = NO;
				MTL_FAST_MATH = YES;
				SDKROOT = iphoneos;
				SWIFT_COMPILATION_MODE = wholemodule;
				SWIFT_OPTIMIZATION_LEVEL = "-O";
				VALIDATE_PRODUCT = YES;
			};
			name = Release;
		};
		6182E929292D1A420061E84F /* Debug */ = {
			isa = XCBuildConfiguration;
			buildSettings = {
				ASSETCATALOG_COMPILER_APPICON_NAME = AppIcon;
				ASSETCATALOG_COMPILER_GLOBAL_ACCENT_COLOR_NAME = AccentColor;
				CODE_SIGN_STYLE = Automatic;
				CURRENT_PROJECT_VERSION = 1;
				GENERATE_INFOPLIST_FILE = YES;
				INFOPLIST_FILE = "Research Papers/Info.plist";
				INFOPLIST_KEY_UIApplicationSupportsIndirectInputEvents = YES;
				INFOPLIST_KEY_UILaunchStoryboardName = LaunchScreen;
				INFOPLIST_KEY_UIMainStoryboardFile = Main;
				INFOPLIST_KEY_UISupportedInterfaceOrientations_iPad = "UIInterfaceOrientationPortrait UIInterfaceOrientationPortraitUpsideDown UIInterfaceOrientationLandscapeLeft UIInterfaceOrientationLandscapeRight";
				INFOPLIST_KEY_UISupportedInterfaceOrientations_iPhone = "UIInterfaceOrientationPortrait UIInterfaceOrientationLandscapeLeft UIInterfaceOrientationLandscapeRight";
				LD_RUNPATH_SEARCH_PATHS = (
					"$(inherited)",
					"@executable_path/Frameworks",
				);
				MARKETING_VERSION = 1.0;
				PRODUCT_BUNDLE_IDENTIFIER = "com.mateusz.Research-Papers";
				PRODUCT_NAME = "$(TARGET_NAME)";
				SWIFT_EMIT_LOC_STRINGS = YES;
				SWIFT_VERSION = 5.0;
				TARGETED_DEVICE_FAMILY = "1,2";
			};
			name = Debug;
		};
		6182E92A292D1A420061E84F /* Release */ = {
			isa = XCBuildConfiguration;
			buildSettings = {
				ASSETCATALOG_COMPILER_APPICON_NAME = AppIcon;
				ASSETCATALOG_COMPILER_GLOBAL_ACCENT_COLOR_NAME = AccentColor;
				CODE_SIGN_STYLE = Automatic;
				CURRENT_PROJECT_VERSION = 1;
				GENERATE_INFOPLIST_FILE = YES;
				INFOPLIST_FILE = "Research Papers/Info.plist";
				INFOPLIST_KEY_UIApplicationSupportsIndirectInputEvents = YES;
				INFOPLIST_KEY_UILaunchStoryboardName = LaunchScreen;
				INFOPLIST_KEY_UIMainStoryboardFile = Main;
				INFOPLIST_KEY_UISupportedInterfaceOrientations_iPad = "UIInterfaceOrientationPortrait UIInterfaceOrientationPortraitUpsideDown UIInterfaceOrientationLandscapeLeft UIInterfaceOrientationLandscapeRight";
				INFOPLIST_KEY_UISupportedInterfaceOrientations_iPhone = "UIInterfaceOrientationPortrait UIInterfaceOrientationLandscapeLeft UIInterfaceOrientationLandscapeRight";
				LD_RUNPATH_SEARCH_PATHS = (
					"$(inherited)",
					"@executable_path/Frameworks",
				);
				MARKETING_VERSION = 1.0;
				PRODUCT_BUNDLE_IDENTIFIER = "com.mateusz.Research-Papers";
				PRODUCT_NAME = "$(TARGET_NAME)";
				SWIFT_EMIT_LOC_STRINGS = YES;
				SWIFT_VERSION = 5.0;
				TARGETED_DEVICE_FAMILY = "1,2";
			};
			name = Release;
		};
/* End XCBuildConfiguration section */

/* Begin XCConfigurationList section */
		6182E90C292D1A410061E84F /* Build configuration list for PBXProject "Research Papers" */ = {
			isa = XCConfigurationList;
			buildConfigurations = (
				6182E926292D1A420061E84F /* Debug */,
				6182E927292D1A420061E84F /* Release */,
			);
			defaultConfigurationIsVisible = 0;
			defaultConfigurationName = Release;
		};
		6182E928292D1A420061E84F /* Build configuration list for PBXNativeTarget "Research Papers" */ = {
			isa = XCConfigurationList;
			buildConfigurations = (
				6182E929292D1A420061E84F /* Debug */,
				6182E92A292D1A420061E84F /* Release */,
			);
			defaultConfigurationIsVisible = 0;
			defaultConfigurationName = Release;
		};
/* End XCConfigurationList section */

/* Begin XCVersionGroup section */
		6182E91D292D1A410061E84F /* Research_Papers.xcdatamodeld */ = {
			isa = XCVersionGroup;
			children = (
				6182E91E292D1A410061E84F /* Research_Papers.xcdatamodel */,
			);
			currentVersion = 6182E91E292D1A410061E84F /* Research_Papers.xcdatamodel */;
			path = Research_Papers.xcdatamodeld;
			sourceTree = "<group>";
			versionGroupType = wrapper.xcdatamodel;
		};
/* End XCVersionGroup section */
	};
	rootObject = 6182E909292D1A410061E84F /* Project object */;
}
